
Microsoft Visual Studio Solution File, Format Version 12.00
# Visual Studio Version 16
VisualStudioVersion = 16.0.31205.134
MinimumVisualStudioVersion = 10.0.40219.1
Project("{FAE04EC0-301F-11D3-BF4B-00C04F79EFBC}") = "Challenge_1.UnitTest", "Challenge_1.Repo\Challenge_1.UnitTest.csproj", "{A74DE4AE-1CDA-42B4-908E-ADCDD2F2F524}"
EndProject
Project("{FAE04EC0-301F-11D3-BF4B-00C04F79EFBC}") = "Challenge_1.Repository", "Challenge_1.Repository\Challenge_1.Repository.csproj", "{6506AF27-88A1-41C0-97A3-9E172AD3C47C}"
EndProject
Project("{FAE04EC0-301F-11D3-BF4B-00C04F79EFBC}") = "Challenge_1.ProgramUI", "Challenge_1.ProgramUI\Challenge_1.ProgramUI.csproj", "{9363ADB7-FE21-4D6B-8FD3-E189A2C453FB}"
EndProject
Global
	GlobalSection(SolutionConfigurationPlatforms) = preSolution
		Debug|Any CPU = Debug|Any CPU
		Release|Any CPU = Release|Any CPU
	EndGlobalSection
	GlobalSection(ProjectConfigurationPlatforms) = postSolution
		{A74DE4AE-1CDA-42B4-908E-ADCDD2F2F524}.Debug|Any CPU.ActiveCfg = Debug|Any CPU
		{A74DE4AE-1CDA-42B4-908E-ADCDD2F2F524}.Debug|Any CPU.Build.0 = Debug|Any CPU
		{A74DE4AE-1CDA-42B4-908E-ADCDD2F2F524}.Release|Any CPU.ActiveCfg = Release|Any CPU
		{A74DE4AE-1CDA-42B4-908E-ADCDD2F2F524}.Release|Any CPU.Build.0 = Release|Any CPU
		{6506AF27-88A1-41C0-97A3-9E172AD3C47C}.Debug|Any CPU.ActiveCfg = Debug|Any CPU
		{6506AF27-88A1-41C0-97A3-9E172AD3C47C}.Debug|Any CPU.Build.0 = Debug|Any CPU
		{6506AF27-88A1-41C0-97A3-9E172AD3C47C}.Release|Any CPU.ActiveCfg = Release|Any CPU
		{6506AF27-88A1-41C0-97A3-9E172AD3C47C}.Release|Any CPU.Build.0 = Release|Any CPU
		{9363ADB7-FE21-4D6B-8FD3-E189A2C453FB}.Debug|Any CPU.ActiveCfg = Debug|Any CPU
		{9363ADB7-FE21-4D6B-8FD3-E189A2C453FB}.Debug|Any CPU.Build.0 = Debug|Any CPU
		{9363ADB7-FE21-4D6B-8FD3-E189A2C453FB}.Release|Any CPU.ActiveCfg = Release|Any CPU
		{9363ADB7-FE21-4D6B-8FD3-E189A2C453FB}.Release|Any CPU.Build.0 = Release|Any CPU
	EndGlobalSection
	GlobalSection(SolutionProperties) = preSolution
		HideSolutionNode = FALSE
	EndGlobalSection
	GlobalSection(ExtensibilityGlobals) = postSolution
		SolutionGuid = {1DC47FF3-F3C4-4E64-ABE2-BF6D034B6835}
	EndGlobalSection
EndGlobal
